
Microsoft Visual Studio Solution File, Format Version 12.00
# Visual Studio Version 17
VisualStudioVersion = 17.0.31903.59
MinimumVisualStudioVersion = 10.0.40219.1
Project("{FAE04EC0-301F-11D3-BF4B-00C04F79EFBC}") = "ShopCheckOut.UnitTest", "ShopCheckOut.UnitTest\ShopCheckOut.UnitTest.csproj", "{D4EA2A62-24EF-4E43-A172-90EA9B954685}"
EndProject
Project("{FAE04EC0-301F-11D3-BF4B-00C04F79EFBC}") = "ShopCheckOut.API", "ShopCheckOut.API\ShopCheckOut.API.csproj", "{DEA35F7A-08D5-489B-AF78-13FEFFE293EE}"
EndProject
Global
	GlobalSection(SolutionConfigurationPlatforms) = preSolution
		Debug|Any CPU = Debug|Any CPU
		Debug|x64 = Debug|x64
		Debug|x86 = Debug|x86
		Release|Any CPU = Release|Any CPU
		Release|x64 = Release|x64
		Release|x86 = Release|x86
	EndGlobalSection
	GlobalSection(ProjectConfigurationPlatforms) = postSolution
		{D4EA2A62-24EF-4E43-A172-90EA9B954685}.Debug|Any CPU.ActiveCfg = Debug|Any CPU
		{D4EA2A62-24EF-4E43-A172-90EA9B954685}.Debug|Any CPU.Build.0 = Debug|Any CPU
		{D4EA2A62-24EF-4E43-A172-90EA9B954685}.Debug|x64.ActiveCfg = Debug|Any CPU
		{D4EA2A62-24EF-4E43-A172-90EA9B954685}.Debug|x64.Build.0 = Debug|Any CPU
		{D4EA2A62-24EF-4E43-A172-90EA9B954685}.Debug|x86.ActiveCfg = Debug|Any CPU
		{D4EA2A62-24EF-4E43-A172-90EA9B954685}.Debug|x86.Build.0 = Debug|Any CPU
		{D4EA2A62-24EF-4E43-A172-90EA9B954685}.Release|Any CPU.ActiveCfg = Release|Any CPU
		{D4EA2A62-24EF-4E43-A172-90EA9B954685}.Release|Any CPU.Build.0 = Release|Any CPU
		{D4EA2A62-24EF-4E43-A172-90EA9B954685}.Release|x64.ActiveCfg = Release|Any CPU
		{D4EA2A62-24EF-4E43-A172-90EA9B954685}.Release|x64.Build.0 = Release|Any CPU
		{D4EA2A62-24EF-4E43-A172-90EA9B954685}.Release|x86.ActiveCfg = Release|Any CPU
		{D4EA2A62-24EF-4E43-A172-90EA9B954685}.Release|x86.Build.0 = Release|Any CPU
		{DEA35F7A-08D5-489B-AF78-13FEFFE293EE}.Debug|Any CPU.ActiveCfg = Debug|Any CPU
		{DEA35F7A-08D5-489B-AF78-13FEFFE293EE}.Debug|Any CPU.Build.0 = Debug|Any CPU
		{DEA35F7A-08D5-489B-AF78-13FEFFE293EE}.Debug|x64.ActiveCfg = Debug|Any CPU
		{DEA35F7A-08D5-489B-AF78-13FEFFE293EE}.Debug|x64.Build.0 = Debug|Any CPU
		{DEA35F7A-08D5-489B-AF78-13FEFFE293EE}.Debug|x86.ActiveCfg = Debug|Any CPU
		{DEA35F7A-08D5-489B-AF78-13FEFFE293EE}.Debug|x86.Build.0 = Debug|Any CPU
		{DEA35F7A-08D5-489B-AF78-13FEFFE293EE}.Release|Any CPU.ActiveCfg = Release|Any CPU
		{DEA35F7A-08D5-489B-AF78-13FEFFE293EE}.Release|Any CPU.Build.0 = Release|Any CPU
		{DEA35F7A-08D5-489B-AF78-13FEFFE293EE}.Release|x64.ActiveCfg = Release|Any CPU
		{DEA35F7A-08D5-489B-AF78-13FEFFE293EE}.Release|x64.Build.0 = Release|Any CPU
		{DEA35F7A-08D5-489B-AF78-13FEFFE293EE}.Release|x86.ActiveCfg = Release|Any CPU
		{DEA35F7A-08D5-489B-AF78-13FEFFE293EE}.Release|x86.Build.0 = Release|Any CPU
	EndGlobalSection
	GlobalSection(SolutionProperties) = preSolution
		HideSolutionNode = FALSE
	EndGlobalSection
	GlobalSection(ExtensibilityGlobals) = postSolution
		SolutionGuid = {22C435A4-9177-43F8-9202-ECE653B6CDF9}
	EndGlobalSection
EndGlobal
